
Microsoft Visual Studio Solution File, Format Version 12.00
# Visual Studio Version 16
VisualStudioVersion = 16.0.29201.188
MinimumVisualStudioVersion = 10.0.40219.1
Project("{FAE04EC0-301F-11D3-BF4B-00C04F79EFBC}") = "NetRia", "NetRia\NetRia.csproj", "{A5DC9D66-3C4F-4C70-A2FF-77D14DA948D1}"
EndProject
Project("{2150E333-8FDC-42A3-9474-1A3956D46DE8}") = "BackEnd", "BackEnd", "{AD60D5D8-6719-43B8-82E7-F9ECF23C3799}"
EndProject
Project("{2150E333-8FDC-42A3-9474-1A3956D46DE8}") = "Cross-Cutting Concerns", "Cross-Cutting Concerns", "{EB720B16-A4F3-42EA-8D1B-1DB561A3533E}"
EndProject
Project("{2150E333-8FDC-42A3-9474-1A3956D46DE8}") = "Business", "Business", "{68E4E1DF-CD4C-4916-963F-46FCC4C817FF}"
EndProject
Project("{2150E333-8FDC-42A3-9474-1A3956D46DE8}") = "DataAccess", "DataAccess", "{DB1EB3B5-413B-4CD2-9315-E128E7F98103}"
EndProject
Project("{FAE04EC0-301F-11D3-BF4B-00C04F79EFBC}") = "Persistencia", "Persistencia\Persistencia.csproj", "{FEF56214-C257-4BD8-8154-1E523281D4CB}"
EndProject
Project("{FAE04EC0-301F-11D3-BF4B-00C04F79EFBC}") = "Common", "Common\Common.csproj", "{930251A8-E929-4750-AE7D-BC69BD6F3997}"
EndProject
Project("{2150E333-8FDC-42A3-9474-1A3956D46DE8}") = "Services", "Services", "{5D89FF4D-F539-40B5-BD34-07E4292FCBE0}"
EndProject
Project("{FAE04EC0-301F-11D3-BF4B-00C04F79EFBC}") = "BusinessLogic", "BusinessLogic\BusinessLogic.csproj", "{79222480-1619-45E2-9000-454C33EF68C5}"
EndProject
Global
	GlobalSection(SolutionConfigurationPlatforms) = preSolution
		Debug|Any CPU = Debug|Any CPU
		Release|Any CPU = Release|Any CPU
	EndGlobalSection
	GlobalSection(ProjectConfigurationPlatforms) = postSolution
		{A5DC9D66-3C4F-4C70-A2FF-77D14DA948D1}.Debug|Any CPU.ActiveCfg = Debug|Any CPU
		{A5DC9D66-3C4F-4C70-A2FF-77D14DA948D1}.Debug|Any CPU.Build.0 = Debug|Any CPU
		{A5DC9D66-3C4F-4C70-A2FF-77D14DA948D1}.Release|Any CPU.ActiveCfg = Release|Any CPU
		{A5DC9D66-3C4F-4C70-A2FF-77D14DA948D1}.Release|Any CPU.Build.0 = Release|Any CPU
		{FEF56214-C257-4BD8-8154-1E523281D4CB}.Debug|Any CPU.ActiveCfg = Debug|Any CPU
		{FEF56214-C257-4BD8-8154-1E523281D4CB}.Debug|Any CPU.Build.0 = Debug|Any CPU
		{FEF56214-C257-4BD8-8154-1E523281D4CB}.Release|Any CPU.ActiveCfg = Release|Any CPU
		{FEF56214-C257-4BD8-8154-1E523281D4CB}.Release|Any CPU.Build.0 = Release|Any CPU
		{930251A8-E929-4750-AE7D-BC69BD6F3997}.Debug|Any CPU.ActiveCfg = Debug|Any CPU
		{930251A8-E929-4750-AE7D-BC69BD6F3997}.Debug|Any CPU.Build.0 = Debug|Any CPU
		{930251A8-E929-4750-AE7D-BC69BD6F3997}.Release|Any CPU.ActiveCfg = Release|Any CPU
		{930251A8-E929-4750-AE7D-BC69BD6F3997}.Release|Any CPU.Build.0 = Release|Any CPU
		{79222480-1619-45E2-9000-454C33EF68C5}.Debug|Any CPU.ActiveCfg = Debug|Any CPU
		{79222480-1619-45E2-9000-454C33EF68C5}.Debug|Any CPU.Build.0 = Debug|Any CPU
		{79222480-1619-45E2-9000-454C33EF68C5}.Release|Any CPU.ActiveCfg = Release|Any CPU
		{79222480-1619-45E2-9000-454C33EF68C5}.Release|Any CPU.Build.0 = Release|Any CPU
	EndGlobalSection
	GlobalSection(SolutionProperties) = preSolution
		HideSolutionNode = FALSE
	EndGlobalSection
	GlobalSection(NestedProjects) = preSolution
		{A5DC9D66-3C4F-4C70-A2FF-77D14DA948D1} = {5D89FF4D-F539-40B5-BD34-07E4292FCBE0}
		{68E4E1DF-CD4C-4916-963F-46FCC4C817FF} = {AD60D5D8-6719-43B8-82E7-F9ECF23C3799}
		{DB1EB3B5-413B-4CD2-9315-E128E7F98103} = {AD60D5D8-6719-43B8-82E7-F9ECF23C3799}
		{FEF56214-C257-4BD8-8154-1E523281D4CB} = {DB1EB3B5-413B-4CD2-9315-E128E7F98103}
		{930251A8-E929-4750-AE7D-BC69BD6F3997} = {EB720B16-A4F3-42EA-8D1B-1DB561A3533E}
		{5D89FF4D-F539-40B5-BD34-07E4292FCBE0} = {AD60D5D8-6719-43B8-82E7-F9ECF23C3799}
		{79222480-1619-45E2-9000-454C33EF68C5} = {68E4E1DF-CD4C-4916-963F-46FCC4C817FF}
	EndGlobalSection
	GlobalSection(ExtensibilityGlobals) = postSolution
		SolutionGuid = {0CCE33B1-2C8D-490E-828E-9B93A68A54DC}
	EndGlobalSection
EndGlobal
